// !$*UTF8*$!
{
	archiveVersion = 1;
	classes = {
	};
	objectVersion = 77;
	objects = {

/* Begin PBXContainerItemProxy section */
		A6B93BF42D796D8A00312A79 /* PBXContainerItemProxy */ = {
			isa = PBXContainerItemProxy;
			containerPortal = A6B93BD82D796D8800312A79 /* Project object */;
			proxyType = 1;
			remoteGlobalIDString = A6B93BDF2D796D8800312A79;
			remoteInfo = ShutterMac;
		};
		A6B93BFE2D796D8A00312A79 /* PBXContainerItemProxy */ = {
			isa = PBXContainerItemProxy;
			containerPortal = A6B93BD82D796D8800312A79 /* Project object */;
			proxyType = 1;
			remoteGlobalIDString = A6B93BDF2D796D8800312A79;
			remoteInfo = ShutterMac;
		};
/* End PBXContainerItemProxy section */

/* Begin PBXFileReference section */
		A6B93BE02D796D8800312A79 /* ShutterMac.app */ = {isa = PBXFileReference; explicitFileType = wrapper.application; includeInIndex = 0; path = ShutterMac.app; sourceTree = BUILT_PRODUCTS_DIR; };
		A6B93BF32D796D8A00312A79 /* ShutterMacTests.xctest */ = {isa = PBXFileReference; explicitFileType = wrapper.cfbundle; includeInIndex = 0; path = ShutterMacTests.xctest; sourceTree = BUILT_PRODUCTS_DIR; };
		A6B93BFD2D796D8A00312A79 /* ShutterMacUITests.xctest */ = {isa = PBXFileReference; explicitFileType = wrapper.cfbundle; includeInIndex = 0; path = ShutterMacUITests.xctest; sourceTree = BUILT_PRODUCTS_DIR; };
/* End PBXFileReference section */

/* Begin PBXFileSystemSynchronizedRootGroup section */
		A6B93BE22D796D8800312A79 /* ShutterMac */ = {
			isa = PBXFileSystemSynchronizedRootGroup;
			path = ShutterMac;
			sourceTree = "<group>";
		};
		A6B93BF62D796D8A00312A79 /* ShutterMacTests */ = {
			isa = PBXFileSystemSynchronizedRootGroup;
			path = ShutterMacTests;
			sourceTree = "<group>";
		};
		A6B93C002D796D8A00312A79 /* ShutterMacUITests */ = {
			isa = PBXFileSystemSynchronizedRootGroup;
			path = ShutterMacUITests;
			sourceTree = "<group>";
		};
/* End PBXFileSystemSynchronizedRootGroup section */

/* Begin PBXFrameworksBuildPhase section */
		A6B93BDD2D796D8800312A79 /* Frameworks */ = {
			isa = PBXFrameworksBuildPhase;
			buildActionMask = 2147483647;
			files = (
			);
			runOnlyForDeploymentPostprocessing = 0;
		};
		A6B93BF02D796D8A00312A79 /* Frameworks */ = {
			isa = PBXFrameworksBuildPhase;
			buildActionMask = 2147483647;
			files = (
			);
			runOnlyForDeploymentPostprocessing = 0;
		};
		A6B93BFA2D796D8A00312A79 /* Frameworks */ = {
			isa = PBXFrameworksBuildPhase;
			buildActionMask = 2147483647;
			files = (
			);
			runOnlyForDeploymentPostprocessing = 0;
		};
/* End PBXFrameworksBuildPhase section */

/* Begin PBXGroup section */
		A6B93BD72D796D8800312A79 = {
			isa = PBXGroup;
			children = (
				A6B93BE22D796D8800312A79 /* ShutterMac */,
				A6B93BF62D796D8A00312A79 /* ShutterMacTests */,
				A6B93C002D796D8A00312A79 /* ShutterMacUITests */,
				A6B93BE12D796D8800312A79 /* Products */,
			);
			sourceTree = "<group>";
		};
		A6B93BE12D796D8800312A79 /* Products */ = {
			isa = PBXGroup;
			children = (
				A6B93BE02D796D8800312A79 /* ShutterMac.app */,
				A6B93BF32D796D8A00312A79 /* ShutterMacTests.xctest */,
				A6B93BFD2D796D8A00312A79 /* ShutterMacUITests.xctest */,
			);
			name = Products;
			sourceTree = "<group>";
		};
/* End PBXGroup section */

/* Begin PBXNativeTarget section */
		A6B93BDF2D796D8800312A79 /* ShutterMac */ = {
			isa = PBXNativeTarget;
			buildConfigurationList = A6B93C072D796D8A00312A79 /* Build configuration list for PBXNativeTarget "ShutterMac" */;
			buildPhases = (
				A6B93BDC2D796D8800312A79 /* Sources */,
				A6B93BDD2D796D8800312A79 /* Frameworks */,
				A6B93BDE2D796D8800312A79 /* Resources */,
			);
			buildRules = (
			);
			dependencies = (
			);
			fileSystemSynchronizedGroups = (
				A6B93BE22D796D8800312A79 /* ShutterMac */,
			);
			name = ShutterMac;
			packageProductDependencies = (
			);
			productName = ShutterMac;
			productReference = A6B93BE02D796D8800312A79 /* ShutterMac.app */;
			productType = "com.apple.product-type.application";
		};
		A6B93BF22D796D8A00312A79 /* ShutterMacTests */ = {
			isa = PBXNativeTarget;
			buildConfigurationList = A6B93C0A2D796D8A00312A79 /* Build configuration list for PBXNativeTarget "ShutterMacTests" */;
			buildPhases = (
				A6B93BEF2D796D8A00312A79 /* Sources */,
				A6B93BF02D796D8A00312A79 /* Frameworks */,
				A6B93BF12D796D8A00312A79 /* Resources */,
			);
			buildRules = (
			);
			dependencies = (
				A6B93BF52D796D8A00312A79 /* PBXTargetDependency */,
			);
			fileSystemSynchronizedGroups = (
				A6B93BF62D796D8A00312A79 /* ShutterMacTests */,
			);
			name = ShutterMacTests;
			packageProductDependencies = (
			);
			productName = ShutterMacTests;
			productReference = A6B93BF32D796D8A00312A79 /* ShutterMacTests.xctest */;
			productType = "com.apple.product-type.bundle.unit-test";
		};
		A6B93BFC2D796D8A00312A79 /* ShutterMacUITests */ = {
			isa = PBXNativeTarget;
			buildConfigurationList = A6B93C0D2D796D8A00312A79 /* Build configuration list for PBXNativeTarget "ShutterMacUITests" */;
			buildPhases = (
				A6B93BF92D796D8A00312A79 /* Sources */,
				A6B93BFA2D796D8A00312A79 /* Frameworks */,
				A6B93BFB2D796D8A00312A79 /* Resources */,
			);
			buildRules = (
			);
			dependencies = (
				A6B93BFF2D796D8A00312A79 /* PBXTargetDependency */,
			);
			fileSystemSynchronizedGroups = (
				A6B93C002D796D8A00312A79 /* ShutterMacUITests */,
			);
			name = ShutterMacUITests;
			packageProductDependencies = (
			);
			productName = ShutterMacUITests;
			productReference = A6B93BFD2D796D8A00312A79 /* ShutterMacUITests.xctest */;
			productType = "com.apple.product-type.bundle.ui-testing";
		};
/* End PBXNativeTarget section */

/* Begin PBXProject section */
		A6B93BD82D796D8800312A79 /* Project object */ = {
			isa = PBXProject;
			attributes = {
				BuildIndependentTargetsInParallel = 1;
				LastSwiftUpdateCheck = 1620;
				LastUpgradeCheck = 1620;
				TargetAttributes = {
					A6B93BDF2D796D8800312A79 = {
						CreatedOnToolsVersion = 16.2;
					};
					A6B93BF22D796D8A00312A79 = {
						CreatedOnToolsVersion = 16.2;
						TestTargetID = A6B93BDF2D796D8800312A79;
					};
					A6B93BFC2D796D8A00312A79 = {
						CreatedOnToolsVersion = 16.2;
						TestTargetID = A6B93BDF2D796D8800312A79;
					};
				};
			};
			buildConfigurationList = A6B93BDB2D796D8800312A79 /* Build configuration list for PBXProject "ShutterMac" */;
			developmentRegion = en;
			hasScannedForEncodings = 0;
			knownRegions = (
				en,
				Base,
			);
			mainGroup = A6B93BD72D796D8800312A79;
			minimizedProjectReferenceProxies = 1;
			preferredProjectObjectVersion = 77;
			productRefGroup = A6B93BE12D796D8800312A79 /* Products */;
			projectDirPath = "";
			projectRoot = "";
			targets = (
				A6B93BDF2D796D8800312A79 /* ShutterMac */,
				A6B93BF22D796D8A00312A79 /* ShutterMacTests */,
				A6B93BFC2D796D8A00312A79 /* ShutterMacUITests */,
			);
		};
/* End PBXProject section */

/* Begin PBXResourcesBuildPhase section */
		A6B93BDE2D796D8800312A79 /* Resources */ = {
			isa = PBXResourcesBuildPhase;
			buildActionMask = 2147483647;
			files = (
			);
			runOnlyForDeploymentPostprocessing = 0;
		};
		A6B93BF12D796D8A00312A79 /* Resources */ = {
			isa = PBXResourcesBuildPhase;
			buildActionMask = 2147483647;
			files = (
			);
			runOnlyForDeploymentPostprocessing = 0;
		};
		A6B93BFB2D796D8A00312A79 /* Resources */ = {
			isa = PBXResourcesBuildPhase;
			buildActionMask = 2147483647;
			files = (
			);
			runOnlyForDeploymentPostprocessing = 0;
		};
/* End PBXResourcesBuildPhase section */

/* Begin PBXSourcesBuildPhase section */
		A6B93BDC2D796D8800312A79 /* Sources */ = {
			isa = PBXSourcesBuildPhase;
			buildActionMask = 2147483647;
			files = (
			);
			runOnlyForDeploymentPostprocessing = 0;
		};
		A6B93BEF2D796D8A00312A79 /* Sources */ = {
			isa = PBXSourcesBuildPhase;
			buildActionMask = 2147483647;
			files = (
			);
			runOnlyForDeploymentPostprocessing = 0;
		};
		A6B93BF92D796D8A00312A79 /* Sources */ = {
			isa = PBXSourcesBuildPhase;
			buildActionMask = 2147483647;
			files = (
			);
			runOnlyForDeploymentPostprocessing = 0;
		};
/* End PBXSourcesBuildPhase section */

/* Begin PBXTargetDependency section */
		A6B93BF52D796D8A00312A79 /* PBXTargetDependency */ = {
			isa = PBXTargetDependency;
			target = A6B93BDF2D796D8800312A79 /* ShutterMac */;
			targetProxy = A6B93BF42D796D8A00312A79 /* PBXContainerItemProxy */;
		};
		A6B93BFF2D796D8A00312A79 /* PBXTargetDependency */ = {
			isa = PBXTargetDependency;
			target = A6B93BDF2D796D8800312A79 /* ShutterMac */;
			targetProxy = A6B93BFE2D796D8A00312A79 /* PBXContainerItemProxy */;
		};
/* End PBXTargetDependency section */

/* Begin XCBuildConfiguration section */
		A6B93C052D796D8A00312A79 /* Debug */ = {
			isa = XCBuildConfiguration;
			buildSettings = {
				ALWAYS_SEARCH_USER_PATHS = NO;
				ASSETCATALOG_COMPILER_GENERATE_SWIFT_ASSET_SYMBOL_EXTENSIONS = YES;
				CLANG_ANALYZER_NONNULL = YES;
				CLANG_ANALYZER_NUMBER_OBJECT_CONVERSION = YES_AGGRESSIVE;
				CLANG_CXX_LANGUAGE_STANDARD = "gnu++20";
				CLANG_ENABLE_MODULES = YES;
				CLANG_ENABLE_OBJC_ARC = YES;
				CLANG_ENABLE_OBJC_WEAK = YES;
				CLANG_WARN_BLOCK_CAPTURE_AUTORELEASING = YES;
				CLANG_WARN_BOOL_CONVERSION = YES;
				CLANG_WARN_COMMA = YES;
				CLANG_WARN_CONSTANT_CONVERSION = YES;
				CLANG_WARN_DEPRECATED_OBJC_IMPLEMENTATIONS = YES;
				CLANG_WARN_DIRECT_OBJC_ISA_USAGE = YES_ERROR;
				CLANG_WARN_DOCUMENTATION_COMMENTS = YES;
				CLANG_WARN_EMPTY_BODY = YES;
				CLANG_WARN_ENUM_CONVERSION = YES;
				CLANG_WARN_INFINITE_RECURSION = YES;
				CLANG_WARN_INT_CONVERSION = YES;
				CLANG_WARN_NON_LITERAL_NULL_CONVERSION = YES;
				CLANG_WARN_OBJC_IMPLICIT_RETAIN_SELF = YES;
				CLANG_WARN_OBJC_LITERAL_CONVERSION = YES;
				CLANG_WARN_OBJC_ROOT_CLASS = YES_ERROR;
				CLANG_WARN_QUOTED_INCLUDE_IN_FRAMEWORK_HEADER = YES;
				CLANG_WARN_RANGE_LOOP_ANALYSIS = YES;
				CLANG_WARN_STRICT_PROTOTYPES = YES;
				CLANG_WARN_SUSPICIOUS_MOVE = YES;
				CLANG_WARN_UNGUARDED_AVAILABILITY = YES_AGGRESSIVE;
				CLANG_WARN_UNREACHABLE_CODE = YES;
				CLANG_WARN__DUPLICATE_METHOD_MATCH = YES;
				COPY_PHASE_STRIP = NO;
				DEBUG_INFORMATION_FORMAT = dwarf;
				ENABLE_STRICT_OBJC_MSGSEND = YES;
				ENABLE_TESTABILITY = YES;
				ENABLE_USER_SCRIPT_SANDBOXING = YES;
				GCC_C_LANGUAGE_STANDARD = gnu17;
				GCC_DYNAMIC_NO_PIC = NO;
				GCC_NO_COMMON_BLOCKS = YES;
				GCC_OPTIMIZATION_LEVEL = 0;
				GCC_PREPROCESSOR_DEFINITIONS = (
					"DEBUG=1",
					"$(inherited)",
				);
				GCC_WARN_64_TO_32_BIT_CONVERSION = YES;
				GCC_WARN_ABOUT_RETURN_TYPE = YES_ERROR;
				GCC_WARN_UNDECLARED_SELECTOR = YES;
				GCC_WARN_UNINITIALIZED_AUTOS = YES_AGGRESSIVE;
				GCC_WARN_UNUSED_FUNCTION = YES;
				GCC_WARN_UNUSED_VARIABLE = YES;
				LOCALIZATION_PREFERS_STRING_CATALOGS = YES;
				MACOSX_DEPLOYMENT_TARGET = 15.2;
				MTL_ENABLE_DEBUG_INFO = INCLUDE_SOURCE;
				MTL_FAST_MATH = YES;
				ONLY_ACTIVE_ARCH = YES;
				SDKROOT = macosx;
				SWIFT_ACTIVE_COMPILATION_CONDITIONS = "DEBUG $(inherited)";
				SWIFT_OPTIMIZATION_LEVEL = "-Onone";
			};
			name = Debug;
		};
		A6B93C062D796D8A00312A79 /* Release */ = {
			isa = XCBuildConfiguration;
			buildSettings = {
				ALWAYS_SEARCH_USER_PATHS = NO;
				ASSETCATALOG_COMPILER_GENERATE_SWIFT_ASSET_SYMBOL_EXTENSIONS = YES;
				CLANG_ANALYZER_NONNULL = YES;
				CLANG_ANALYZER_NUMBER_OBJECT_CONVERSION = YES_AGGRESSIVE;
				CLANG_CXX_LANGUAGE_STANDARD = "gnu++20";
				CLANG_ENABLE_MODULES = YES;
				CLANG_ENABLE_OBJC_ARC = YES;
				CLANG_ENABLE_OBJC_WEAK = YES;
				CLANG_WARN_BLOCK_CAPTURE_AUTORELEASING = YES;
				CLANG_WARN_BOOL_CONVERSION = YES;
				CLANG_WARN_COMMA = YES;
				CLANG_WARN_CONSTANT_CONVERSION = YES;
				CLANG_WARN_DEPRECATED_OBJC_IMPLEMENTATIONS = YES;
				CLANG_WARN_DIRECT_OBJC_ISA_USAGE = YES_ERROR;
				CLANG_WARN_DOCUMENTATION_COMMENTS = YES;
				CLANG_WARN_EMPTY_BODY = YES;
				CLANG_WARN_ENUM_CONVERSION = YES;
				CLANG_WARN_INFINITE_RECURSION = YES;
				CLANG_WARN_INT_CONVERSION = YES;
				CLANG_WARN_NON_LITERAL_NULL_CONVERSION = YES;
				CLANG_WARN_OBJC_IMPLICIT_RETAIN_SELF = YES;
				CLANG_WARN_OBJC_LITERAL_CONVERSION = YES;
				CLANG_WARN_OBJC_ROOT_CLASS = YES_ERROR;
				CLANG_WARN_QUOTED_INCLUDE_IN_FRAMEWORK_HEADER = YES;
				CLANG_WARN_RANGE_LOOP_ANALYSIS = YES;
				CLANG_WARN_STRICT_PROTOTYPES = YES;
				CLANG_WARN_SUSPICIOUS_MOVE = YES;
				CLANG_WARN_UNGUARDED_AVAILABILITY = YES_AGGRESSIVE;
				CLANG_WARN_UNREACHABLE_CODE = YES;
				CLANG_WARN__DUPLICATE_METHOD_MATCH = YES;
				COPY_PHASE_STRIP = NO;
				DEBUG_INFORMATION_FORMAT = "dwarf-with-dsym";
				ENABLE_NS_ASSERTIONS = NO;
				ENABLE_STRICT_OBJC_MSGSEND = YES;
				ENABLE_USER_SCRIPT_SANDBOXING = YES;
				GCC_C_LANGUAGE_STANDARD = gnu17;
				GCC_NO_COMMON_BLOCKS = YES;
				GCC_WARN_64_TO_32_BIT_CONVERSION = YES;
				GCC_WARN_ABOUT_RETURN_TYPE = YES_ERROR;
				GCC_WARN_UNDECLARED_SELECTOR = YES;
				GCC_WARN_UNINITIALIZED_AUTOS = YES_AGGRESSIVE;
				GCC_WARN_UNUSED_FUNCTION = YES;
				GCC_WARN_UNUSED_VARIABLE = YES;
				LOCALIZATION_PREFERS_STRING_CATALOGS = YES;
				MACOSX_DEPLOYMENT_TARGET = 15.2;
				MTL_ENABLE_DEBUG_INFO = NO;
				MTL_FAST_MATH = YES;
				SDKROOT = macosx;
				SWIFT_COMPILATION_MODE = wholemodule;
			};
			name = Release;
		};
		A6B93C082D796D8A00312A79 /* Debug */ = {
			isa = XCBuildConfiguration;
			buildSettings = {
				ASSETCATALOG_COMPILER_APPICON_NAME = AppIcon;
				ASSETCATALOG_COMPILER_GLOBAL_ACCENT_COLOR_NAME = AccentColor;
				CODE_SIGN_ENTITLEMENTS = ShutterMac/ShutterMac.entitlements;
				CODE_SIGN_STYLE = Automatic;
				COMBINE_HIDPI_IMAGES = YES;
				CURRENT_PROJECT_VERSION = 1;
				DEVELOPMENT_ASSET_PATHS = "\"ShutterMac/Preview Content\"";
				DEVELOPMENT_TEAM = WZ3THJ9MC8;
				ENABLE_HARDENED_RUNTIME = YES;
				ENABLE_PREVIEWS = YES;
				GENERATE_INFOPLIST_FILE = YES;
				INFOPLIST_KEY_NSHumanReadableCopyright = "";
				LD_RUNPATH_SEARCH_PATHS = (
					"$(inherited)",
					"@executable_path/../Frameworks",
				);
				MACOSX_DEPLOYMENT_TARGET = 14.0;
				MARKETING_VERSION = 1.0;
				PRODUCT_BUNDLE_IDENTIFIER = com.bibek99.ShutterMac;
				PRODUCT_NAME = "$(TARGET_NAME)";
				SWIFT_EMIT_LOC_STRINGS = YES;
				SWIFT_VERSION = 5.0;
			};
			name = Debug;
		};
		A6B93C092D796D8A00312A79 /* Release */ = {
			isa = XCBuildConfiguration;
			buildSettings = {
				ASSETCATALOG_COMPILER_APPICON_NAME = AppIcon;
				ASSETCATALOG_COMPILER_GLOBAL_ACCENT_COLOR_NAME = AccentColor;
				CODE_SIGN_ENTITLEMENTS = ShutterMac/ShutterMac.entitlements;
				CODE_SIGN_STYLE = Automatic;
				COMBINE_HIDPI_IMAGES = YES;
				CURRENT_PROJECT_VERSION = 1;
				DEVELOPMENT_ASSET_PATHS = "\"ShutterMac/Preview Content\"";
				DEVELOPMENT_TEAM = WZ3THJ9MC8;
				ENABLE_HARDENED_RUNTIME = YES;
				ENABLE_PREVIEWS = YES;
				GENERATE_INFOPLIST_FILE = YES;
				INFOPLIST_KEY_NSHumanReadableCopyright = "";
				LD_RUNPATH_SEARCH_PATHS = (
					"$(inherited)",
					"@executable_path/../Frameworks",
				);
				MACOSX_DEPLOYMENT_TARGET = 14.0;
				MARKETING_VERSION = 1.0;
				PRODUCT_BUNDLE_IDENTIFIER = com.bibek99.ShutterMac;
				PRODUCT_NAME = "$(TARGET_NAME)";
				SWIFT_EMIT_LOC_STRINGS = YES;
				SWIFT_VERSION = 5.0;
			};
			name = Release;
		};
		A6B93C0B2D796D8A00312A79 /* Debug */ = {
			isa = XCBuildConfiguration;
			buildSettings = {
				BUNDLE_LOADER = "$(TEST_HOST)";
				CODE_SIGN_STYLE = Automatic;
				CURRENT_PROJECT_VERSION = 1;
				DEVELOPMENT_TEAM = WZ3THJ9MC8;
				GENERATE_INFOPLIST_FILE = YES;
				MACOSX_DEPLOYMENT_TARGET = 14.0;
				MARKETING_VERSION = 1.0;
				PRODUCT_BUNDLE_IDENTIFIER = com.bibek99.ShutterMacTests;
				PRODUCT_NAME = "$(TARGET_NAME)";
				SWIFT_EMIT_LOC_STRINGS = NO;
				SWIFT_VERSION = 5.0;
				TEST_HOST = "$(BUILT_PRODUCTS_DIR)/ShutterMac.app/$(BUNDLE_EXECUTABLE_FOLDER_PATH)/ShutterMac";
			};
			name = Debug;
		};
		A6B93C0C2D796D8A00312A79 /* Release */ = {
			isa = XCBuildConfiguration;
			buildSettings = {
				BUNDLE_LOADER = "$(TEST_HOST)";
				CODE_SIGN_STYLE = Automatic;
				CURRENT_PROJECT_VERSION = 1;
				DEVELOPMENT_TEAM = WZ3THJ9MC8;
				GENERATE_INFOPLIST_FILE = YES;
				MACOSX_DEPLOYMENT_TARGET = 14.0;
				MARKETING_VERSION = 1.0;
				PRODUCT_BUNDLE_IDENTIFIER = com.bibek99.ShutterMacTests;
				PRODUCT_NAME = "$(TARGET_NAME)";
				SWIFT_EMIT_LOC_STRINGS = NO;
				SWIFT_VERSION = 5.0;
				TEST_HOST = "$(BUILT_PRODUCTS_DIR)/ShutterMac.app/$(BUNDLE_EXECUTABLE_FOLDER_PATH)/ShutterMac";
			};
			name = Release;
		};
		A6B93C0E2D796D8A00312A79 /* Debug */ = {
			isa = XCBuildConfiguration;
			buildSettings = {
				CODE_SIGN_STYLE = Automatic;
				CURRENT_PROJECT_VERSION = 1;
				DEVELOPMENT_TEAM = WZ3THJ9MC8;
				GENERATE_INFOPLIST_FILE = YES;
				MARKETING_VERSION = 1.0;
				PRODUCT_BUNDLE_IDENTIFIER = com.bibek99.ShutterMacUITests;
				PRODUCT_NAME = "$(TARGET_NAME)";
				SWIFT_EMIT_LOC_STRINGS = NO;
				SWIFT_VERSION = 5.0;
				TEST_TARGET_NAME = ShutterMac;
			};
			name = Debug;
		};
		A6B93C0F2D796D8A00312A79 /* Release */ = {
			isa = XCBuildConfiguration;
			buildSettings = {
				CODE_SIGN_STYLE = Automatic;
				CURRENT_PROJECT_VERSION = 1;
				DEVELOPMENT_TEAM = WZ3THJ9MC8;
				GENERATE_INFOPLIST_FILE = YES;
				MARKETING_VERSION = 1.0;
				PRODUCT_BUNDLE_IDENTIFIER = com.bibek99.ShutterMacUITests;
				PRODUCT_NAME = "$(TARGET_NAME)";
				SWIFT_EMIT_LOC_STRINGS = NO;
				SWIFT_VERSION = 5.0;
				TEST_TARGET_NAME = ShutterMac;
			};
			name = Release;
		};
/* End XCBuildConfiguration section */

/* Begin XCConfigurationList section */
		A6B93BDB2D796D8800312A79 /* Build configuration list for PBXProject "ShutterMac" */ = {
			isa = XCConfigurationList;
			buildConfigurations = (
				A6B93C052D796D8A00312A79 /* Debug */,
				A6B93C062D796D8A00312A79 /* Release */,
			);
			defaultConfigurationIsVisible = 0;
			defaultConfigurationName = Release;
		};
		A6B93C072D796D8A00312A79 /* Build configuration list for PBXNativeTarget "ShutterMac" */ = {
			isa = XCConfigurationList;
			buildConfigurations = (
				A6B93C082D796D8A00312A79 /* Debug */,
				A6B93C092D796D8A00312A79 /* Release */,
			);
			defaultConfigurationIsVisible = 0;
			defaultConfigurationName = Release;
		};
		A6B93C0A2D796D8A00312A79 /* Build configuration list for PBXNativeTarget "ShutterMacTests" */ = {
			isa = XCConfigurationList;
			buildConfigurations = (
				A6B93C0B2D796D8A00312A79 /* Debug */,
				A6B93C0C2D796D8A00312A79 /* Release */,
			);
			defaultConfigurationIsVisible = 0;
			defaultConfigurationName = Release;
		};
		A6B93C0D2D796D8A00312A79 /* Build configuration list for PBXNativeTarget "ShutterMacUITests" */ = {
			isa = XCConfigurationList;
			buildConfigurations = (
				A6B93C0E2D796D8A00312A79 /* Debug */,
				A6B93C0F2D796D8A00312A79 /* Release */,
			);
			defaultConfigurationIsVisible = 0;
			defaultConfigurationName = Release;
		};
/* End XCConfigurationList section */
	};
	rootObject = A6B93BD82D796D8800312A79 /* Project object */;
}
